
Microsoft Visual Studio Solution File, Format Version 12.00
# Visual Studio 15
VisualStudioVersion = 15.0.28010.2026
MinimumVisualStudioVersion = 10.0.40219.1
Project("{FAE04EC0-301F-11D3-BF4B-00C04F79EFBC}") = "Ultimate Persona Fusion Calculator", "Ultimate Persona Fusion Calculator\Ultimate Persona Fusion Calculator.csproj", "{F826F094-C876-477B-8D4F-99250CCAAB49}"
EndProject
Global
	GlobalSection(SolutionConfigurationPlatforms) = preSolution
		Debug|Any CPU = Debug|Any CPU
		Release|Any CPU = Release|Any CPU
	EndGlobalSection
	GlobalSection(ProjectConfigurationPlatforms) = postSolution
		{F826F094-C876-477B-8D4F-99250CCAAB49}.Debug|Any CPU.ActiveCfg = Debug|Any CPU
		{F826F094-C876-477B-8D4F-99250CCAAB49}.Debug|Any CPU.Build.0 = Debug|Any CPU
		{F826F094-C876-477B-8D4F-99250CCAAB49}.Release|Any CPU.ActiveCfg = Release|Any CPU
		{F826F094-C876-477B-8D4F-99250CCAAB49}.Release|Any CPU.Build.0 = Release|Any CPU
	EndGlobalSection
	GlobalSection(SolutionProperties) = preSolution
		HideSolutionNode = FALSE
	EndGlobalSection
	GlobalSection(ExtensibilityGlobals) = postSolution
		SolutionGuid = {99DF646C-71EF-4A3D-A5EE-CF79CC982CD5}
	EndGlobalSection
EndGlobal
